
Microsoft Visual Studio Solution File, Format Version 12.00
# Visual Studio 14
VisualStudioVersion = 14.0.23107.0
MinimumVisualStudioVersion = 10.0.40219.1
Project("{FAE04EC0-301F-11D3-BF4B-00C04F79EFBC}") = "MixMax.Main", "MixMax.Main\MixMax.Main.csproj", "{BC3608A0-832C-496E-A854-981EB2850E27}"
EndProject
Project("{2150E333-8FDC-42A3-9474-1A3956D46DE8}") = "Test", "Test", "{EA556D6C-C145-4F07-8B6A-04D3D372C2E8}"
EndProject
Project("{FAE04EC0-301F-11D3-BF4B-00C04F79EFBC}") = "TestNancy", "TestNancy\TestNancy.csproj", "{333CDA3A-B394-46ED-A947-B4F1CE4B247D}"
EndProject
Project("{FAE04EC0-301F-11D3-BF4B-00C04F79EFBC}") = "TestAurila", "TestAurila\TestAurila.csproj", "{1887D5C6-6273-4FC1-B1AB-36D56E70E6F9}"
EndProject
Project("{FAE04EC0-301F-11D3-BF4B-00C04F79EFBC}") = "UpdateToEmbeddedResource", "UpdateToEmbeddedResource\UpdateToEmbeddedResource.csproj", "{ED8A6513-665D-4A28-A19F-998B7A8DEC94}"
EndProject
Project("{8BB2217D-0F2D-49D1-97BC-3654ED321F3B}") = "MixMax.TestAurila", "MixMax.TestAurila\MixMax.TestAurila.xproj", "{5548DAD2-5239-48D1-A64B-8275DE77E708}"
EndProject
Project("{FAE04EC0-301F-11D3-BF4B-00C04F79EFBC}") = "MixMax.Main.Test", "MixMax.Main.Test\MixMax.Main.Test.csproj", "{DA140DE7-A95E-4248-8858-4184AB4CD39F}"
EndProject
Project("{FAE04EC0-301F-11D3-BF4B-00C04F79EFBC}") = "TestOwinForStaticServer", "TestOwinForStaticServer\TestOwinForStaticServer.csproj", "{CDB970D1-59B3-4A9B-BD5E-CE8938391DD5}"
EndProject
Project("{FAE04EC0-301F-11D3-BF4B-00C04F79EFBC}") = "MixMax.WindowsService", "MixMax.WindowsService\MixMax.WindowsService.csproj", "{3ED033B3-E7A9-4915-B84E-E846C0476616}"
EndProject
Global
	GlobalSection(SolutionConfigurationPlatforms) = preSolution
		Debug|Any CPU = Debug|Any CPU
		Release|Any CPU = Release|Any CPU
	EndGlobalSection
	GlobalSection(ProjectConfigurationPlatforms) = postSolution
		{BC3608A0-832C-496E-A854-981EB2850E27}.Debug|Any CPU.ActiveCfg = Debug|Any CPU
		{BC3608A0-832C-496E-A854-981EB2850E27}.Debug|Any CPU.Build.0 = Debug|Any CPU
		{BC3608A0-832C-496E-A854-981EB2850E27}.Release|Any CPU.ActiveCfg = Release|Any CPU
		{BC3608A0-832C-496E-A854-981EB2850E27}.Release|Any CPU.Build.0 = Release|Any CPU
		{333CDA3A-B394-46ED-A947-B4F1CE4B247D}.Debug|Any CPU.ActiveCfg = Debug|Any CPU
		{333CDA3A-B394-46ED-A947-B4F1CE4B247D}.Debug|Any CPU.Build.0 = Debug|Any CPU
		{333CDA3A-B394-46ED-A947-B4F1CE4B247D}.Release|Any CPU.ActiveCfg = Release|Any CPU
		{333CDA3A-B394-46ED-A947-B4F1CE4B247D}.Release|Any CPU.Build.0 = Release|Any CPU
		{1887D5C6-6273-4FC1-B1AB-36D56E70E6F9}.Debug|Any CPU.ActiveCfg = Debug|Any CPU
		{1887D5C6-6273-4FC1-B1AB-36D56E70E6F9}.Debug|Any CPU.Build.0 = Debug|Any CPU
		{1887D5C6-6273-4FC1-B1AB-36D56E70E6F9}.Release|Any CPU.ActiveCfg = Release|Any CPU
		{1887D5C6-6273-4FC1-B1AB-36D56E70E6F9}.Release|Any CPU.Build.0 = Release|Any CPU
		{ED8A6513-665D-4A28-A19F-998B7A8DEC94}.Debug|Any CPU.ActiveCfg = Debug|Any CPU
		{ED8A6513-665D-4A28-A19F-998B7A8DEC94}.Debug|Any CPU.Build.0 = Debug|Any CPU
		{ED8A6513-665D-4A28-A19F-998B7A8DEC94}.Release|Any CPU.ActiveCfg = Release|Any CPU
		{ED8A6513-665D-4A28-A19F-998B7A8DEC94}.Release|Any CPU.Build.0 = Release|Any CPU
		{5548DAD2-5239-48D1-A64B-8275DE77E708}.Debug|Any CPU.ActiveCfg = Debug|Any CPU
		{5548DAD2-5239-48D1-A64B-8275DE77E708}.Debug|Any CPU.Build.0 = Debug|Any CPU
		{5548DAD2-5239-48D1-A64B-8275DE77E708}.Release|Any CPU.ActiveCfg = Release|Any CPU
		{5548DAD2-5239-48D1-A64B-8275DE77E708}.Release|Any CPU.Build.0 = Release|Any CPU
		{DA140DE7-A95E-4248-8858-4184AB4CD39F}.Debug|Any CPU.ActiveCfg = Debug|Any CPU
		{DA140DE7-A95E-4248-8858-4184AB4CD39F}.Debug|Any CPU.Build.0 = Debug|Any CPU
		{DA140DE7-A95E-4248-8858-4184AB4CD39F}.Release|Any CPU.ActiveCfg = Release|Any CPU
		{DA140DE7-A95E-4248-8858-4184AB4CD39F}.Release|Any CPU.Build.0 = Release|Any CPU
		{CDB970D1-59B3-4A9B-BD5E-CE8938391DD5}.Debug|Any CPU.ActiveCfg = Debug|Any CPU
		{CDB970D1-59B3-4A9B-BD5E-CE8938391DD5}.Debug|Any CPU.Build.0 = Debug|Any CPU
		{CDB970D1-59B3-4A9B-BD5E-CE8938391DD5}.Release|Any CPU.ActiveCfg = Release|Any CPU
		{CDB970D1-59B3-4A9B-BD5E-CE8938391DD5}.Release|Any CPU.Build.0 = Release|Any CPU
		{3ED033B3-E7A9-4915-B84E-E846C0476616}.Debug|Any CPU.ActiveCfg = Debug|Any CPU
		{3ED033B3-E7A9-4915-B84E-E846C0476616}.Debug|Any CPU.Build.0 = Debug|Any CPU
		{3ED033B3-E7A9-4915-B84E-E846C0476616}.Release|Any CPU.ActiveCfg = Release|Any CPU
		{3ED033B3-E7A9-4915-B84E-E846C0476616}.Release|Any CPU.Build.0 = Release|Any CPU
	EndGlobalSection
	GlobalSection(SolutionProperties) = preSolution
		HideSolutionNode = FALSE
	EndGlobalSection
	GlobalSection(NestedProjects) = preSolution
		{333CDA3A-B394-46ED-A947-B4F1CE4B247D} = {EA556D6C-C145-4F07-8B6A-04D3D372C2E8}
		{1887D5C6-6273-4FC1-B1AB-36D56E70E6F9} = {EA556D6C-C145-4F07-8B6A-04D3D372C2E8}
		{ED8A6513-665D-4A28-A19F-998B7A8DEC94} = {EA556D6C-C145-4F07-8B6A-04D3D372C2E8}
		{5548DAD2-5239-48D1-A64B-8275DE77E708} = {EA556D6C-C145-4F07-8B6A-04D3D372C2E8}
		{CDB970D1-59B3-4A9B-BD5E-CE8938391DD5} = {EA556D6C-C145-4F07-8B6A-04D3D372C2E8}
	EndGlobalSection
EndGlobal
